
Microsoft Visual Studio Solution File, Format Version 12.00
# Visual Studio 14
VisualStudioVersion = 14.0.25123.0
MinimumVisualStudioVersion = 10.0.40219.1
Project("{2150E333-8FDC-42A3-9474-1A3956D46DE8}") = "Engine", "Engine", "{BD145452-5846-4492-8B98-74C9965C2E07}"
EndProject
Project("{2150E333-8FDC-42A3-9474-1A3956D46DE8}") = "Games", "Games", "{9C656AA2-D39B-43C6-A559-D780038E0402}"
EndProject
Project("{8BC9CEB8-8B4A-11D0-8D11-00A0C91BC942}") = "UE4", "Intermediate\ProjectFiles\UE4.vcxproj", "{F45280AB-2491-40ED-B67A-BEAF2DCDBC91}"
EndProject
Project("{8BC9CEB8-8B4A-11D0-8D11-00A0C91BC942}") = "BaseBuilder", "Intermediate\ProjectFiles\BaseBuilder.vcxproj", "{D01EBE2F-D97A-4A2B-BD19-BE8599729861}"
EndProject
Global
	GlobalSection(SolutionConfigurationPlatforms) = preSolution
		DebugGame Editor|HTML5 = DebugGame Editor|HTML5
		DebugGame Editor|Win32 = DebugGame Editor|Win32
		DebugGame Editor|Win64 = DebugGame Editor|Win64
		DebugGame|HTML5 = DebugGame|HTML5
		DebugGame|Win32 = DebugGame|Win32
		DebugGame|Win64 = DebugGame|Win64
		Development Editor|HTML5 = Development Editor|HTML5
		Development Editor|Win32 = Development Editor|Win32
		Development Editor|Win64 = Development Editor|Win64
		Development|HTML5 = Development|HTML5
		Development|Win32 = Development|Win32
		Development|Win64 = Development|Win64
		Shipping|HTML5 = Shipping|HTML5
		Shipping|Win32 = Shipping|Win32
		Shipping|Win64 = Shipping|Win64
	EndGlobalSection
	GlobalSection(ProjectConfigurationPlatforms) = postSolution
		{F45280AB-2491-40ED-B67A-BEAF2DCDBC91}.DebugGame Editor|HTML5.ActiveCfg = BuiltWithUnrealBuildTool|Win32
		{F45280AB-2491-40ED-B67A-BEAF2DCDBC91}.DebugGame Editor|HTML5.Build.0 = BuiltWithUnrealBuildTool|Win32
		{F45280AB-2491-40ED-B67A-BEAF2DCDBC91}.DebugGame Editor|Win32.ActiveCfg = BuiltWithUnrealBuildTool|Win32
		{F45280AB-2491-40ED-B67A-BEAF2DCDBC91}.DebugGame Editor|Win32.Build.0 = BuiltWithUnrealBuildTool|Win32
		{F45280AB-2491-40ED-B67A-BEAF2DCDBC91}.DebugGame Editor|Win64.ActiveCfg = BuiltWithUnrealBuildTool|Win32
		{F45280AB-2491-40ED-B67A-BEAF2DCDBC91}.DebugGame Editor|Win64.Build.0 = BuiltWithUnrealBuildTool|Win32
		{F45280AB-2491-40ED-B67A-BEAF2DCDBC91}.DebugGame|HTML5.ActiveCfg = BuiltWithUnrealBuildTool|Win32
		{F45280AB-2491-40ED-B67A-BEAF2DCDBC91}.DebugGame|HTML5.Build.0 = BuiltWithUnrealBuildTool|Win32
		{F45280AB-2491-40ED-B67A-BEAF2DCDBC91}.DebugGame|Win32.ActiveCfg = BuiltWithUnrealBuildTool|Win32
		{F45280AB-2491-40ED-B67A-BEAF2DCDBC91}.DebugGame|Win32.Build.0 = BuiltWithUnrealBuildTool|Win32
		{F45280AB-2491-40ED-B67A-BEAF2DCDBC91}.DebugGame|Win64.ActiveCfg = BuiltWithUnrealBuildTool|Win32
		{F45280AB-2491-40ED-B67A-BEAF2DCDBC91}.DebugGame|Win64.Build.0 = BuiltWithUnrealBuildTool|Win32
		{F45280AB-2491-40ED-B67A-BEAF2DCDBC91}.Development Editor|HTML5.ActiveCfg = BuiltWithUnrealBuildTool|Win32
		{F45280AB-2491-40ED-B67A-BEAF2DCDBC91}.Development Editor|HTML5.Build.0 = BuiltWithUnrealBuildTool|Win32
		{F45280AB-2491-40ED-B67A-BEAF2DCDBC91}.Development Editor|Win32.ActiveCfg = BuiltWithUnrealBuildTool|Win32
		{F45280AB-2491-40ED-B67A-BEAF2DCDBC91}.Development Editor|Win32.Build.0 = BuiltWithUnrealBuildTool|Win32
		{F45280AB-2491-40ED-B67A-BEAF2DCDBC91}.Development Editor|Win64.ActiveCfg = BuiltWithUnrealBuildTool|Win32
		{F45280AB-2491-40ED-B67A-BEAF2DCDBC91}.Development Editor|Win64.Build.0 = BuiltWithUnrealBuildTool|Win32
		{F45280AB-2491-40ED-B67A-BEAF2DCDBC91}.Development|HTML5.ActiveCfg = BuiltWithUnrealBuildTool|Win32
		{F45280AB-2491-40ED-B67A-BEAF2DCDBC91}.Development|HTML5.Build.0 = BuiltWithUnrealBuildTool|Win32
		{F45280AB-2491-40ED-B67A-BEAF2DCDBC91}.Development|Win32.ActiveCfg = BuiltWithUnrealBuildTool|Win32
		{F45280AB-2491-40ED-B67A-BEAF2DCDBC91}.Development|Win32.Build.0 = BuiltWithUnrealBuildTool|Win32
		{F45280AB-2491-40ED-B67A-BEAF2DCDBC91}.Development|Win64.ActiveCfg = BuiltWithUnrealBuildTool|Win32
		{F45280AB-2491-40ED-B67A-BEAF2DCDBC91}.Development|Win64.Build.0 = BuiltWithUnrealBuildTool|Win32
		{F45280AB-2491-40ED-B67A-BEAF2DCDBC91}.Shipping|HTML5.ActiveCfg = BuiltWithUnrealBuildTool|Win32
		{F45280AB-2491-40ED-B67A-BEAF2DCDBC91}.Shipping|HTML5.Build.0 = BuiltWithUnrealBuildTool|Win32
		{F45280AB-2491-40ED-B67A-BEAF2DCDBC91}.Shipping|Win32.ActiveCfg = BuiltWithUnrealBuildTool|Win32
		{F45280AB-2491-40ED-B67A-BEAF2DCDBC91}.Shipping|Win32.Build.0 = BuiltWithUnrealBuildTool|Win32
		{F45280AB-2491-40ED-B67A-BEAF2DCDBC91}.Shipping|Win64.ActiveCfg = BuiltWithUnrealBuildTool|Win32
		{F45280AB-2491-40ED-B67A-BEAF2DCDBC91}.Shipping|Win64.Build.0 = BuiltWithUnrealBuildTool|Win32
		{D01EBE2F-D97A-4A2B-BD19-BE8599729861}.DebugGame Editor|HTML5.ActiveCfg = HTML5_DebugGame_Editor|Win32
		{D01EBE2F-D97A-4A2B-BD19-BE8599729861}.DebugGame Editor|Win32.ActiveCfg = DebugGame_Editor|Win32
		{D01EBE2F-D97A-4A2B-BD19-BE8599729861}.DebugGame Editor|Win64.ActiveCfg = DebugGame_Editor|x64
		{D01EBE2F-D97A-4A2B-BD19-BE8599729861}.DebugGame Editor|Win64.Build.0 = DebugGame_Editor|x64
		{D01EBE2F-D97A-4A2B-BD19-BE8599729861}.DebugGame|HTML5.ActiveCfg = HTML5_DebugGame_Game|Win32
		{D01EBE2F-D97A-4A2B-BD19-BE8599729861}.DebugGame|HTML5.Build.0 = HTML5_DebugGame_Game|Win32
		{D01EBE2F-D97A-4A2B-BD19-BE8599729861}.DebugGame|Win32.ActiveCfg = DebugGame_Game|Win32
		{D01EBE2F-D97A-4A2B-BD19-BE8599729861}.DebugGame|Win32.Build.0 = DebugGame_Game|Win32
		{D01EBE2F-D97A-4A2B-BD19-BE8599729861}.DebugGame|Win64.ActiveCfg = DebugGame_Game|x64
		{D01EBE2F-D97A-4A2B-BD19-BE8599729861}.DebugGame|Win64.Build.0 = DebugGame_Game|x64
		{D01EBE2F-D97A-4A2B-BD19-BE8599729861}.Development Editor|HTML5.ActiveCfg = HTML5_Development_Editor|Win32
		{D01EBE2F-D97A-4A2B-BD19-BE8599729861}.Development Editor|Win32.ActiveCfg = Development_Editor|Win32
		{D01EBE2F-D97A-4A2B-BD19-BE8599729861}.Development Editor|Win64.ActiveCfg = Development_Editor|x64
		{D01EBE2F-D97A-4A2B-BD19-BE8599729861}.Development Editor|Win64.Build.0 = Development_Editor|x64
		{D01EBE2F-D97A-4A2B-BD19-BE8599729861}.Development|HTML5.ActiveCfg = HTML5_Development_Game|Win32
		{D01EBE2F-D97A-4A2B-BD19-BE8599729861}.Development|HTML5.Build.0 = HTML5_Development_Game|Win32
		{D01EBE2F-D97A-4A2B-BD19-BE8599729861}.Development|Win32.ActiveCfg = Development_Game|Win32
		{D01EBE2F-D97A-4A2B-BD19-BE8599729861}.Development|Win32.Build.0 = Development_Game|Win32
		{D01EBE2F-D97A-4A2B-BD19-BE8599729861}.Development|Win64.ActiveCfg = Development_Game|x64
		{D01EBE2F-D97A-4A2B-BD19-BE8599729861}.Development|Win64.Build.0 = Development_Game|x64
		{D01EBE2F-D97A-4A2B-BD19-BE8599729861}.Shipping|HTML5.ActiveCfg = HTML5_Shipping_Game|Win32
		{D01EBE2F-D97A-4A2B-BD19-BE8599729861}.Shipping|HTML5.Build.0 = HTML5_Shipping_Game|Win32
		{D01EBE2F-D97A-4A2B-BD19-BE8599729861}.Shipping|Win32.ActiveCfg = Shipping_Game|Win32
		{D01EBE2F-D97A-4A2B-BD19-BE8599729861}.Shipping|Win32.Build.0 = Shipping_Game|Win32
		{D01EBE2F-D97A-4A2B-BD19-BE8599729861}.Shipping|Win64.ActiveCfg = Shipping_Game|x64
		{D01EBE2F-D97A-4A2B-BD19-BE8599729861}.Shipping|Win64.Build.0 = Shipping_Game|x64
	EndGlobalSection
	GlobalSection(SolutionProperties) = preSolution
		HideSolutionNode = FALSE
	EndGlobalSection
	GlobalSection(NestedProjects) = preSolution
		{F45280AB-2491-40ED-B67A-BEAF2DCDBC91} = {BD145452-5846-4492-8B98-74C9965C2E07}
		{D01EBE2F-D97A-4A2B-BD19-BE8599729861} = {9C656AA2-D39B-43C6-A559-D780038E0402}
	EndGlobalSection
EndGlobal
